
Microsoft Visual Studio Solution File, Format Version 12.00
# Visual Studio 14
VisualStudioVersion = 14.0.23107.0
MinimumVisualStudioVersion = 10.0.40219.1
Project("{E24C65DC-7377-472B-9ABA-BC803B73C61A}") = "bookea.com - v2 all pages", ".", "{5F3680E1-A9D3-4CDE-96CF-561158D70098}"
	ProjectSection(WebsiteProperties) = preProject
		TargetFrameworkMoniker = ".NETFramework,Version%3Dv4.5.2"
		Debug.AspNetCompiler.VirtualPath = "/localhost_50347"
		Debug.AspNetCompiler.PhysicalPath = "..\23. bookea.com - v13.2.2\"
		Debug.AspNetCompiler.TargetPath = "PrecompiledWeb\localhost_50347\"
		Debug.AspNetCompiler.Updateable = "true"
		Debug.AspNetCompiler.ForceOverwrite = "true"
		Debug.AspNetCompiler.FixedNames = "false"
		Debug.AspNetCompiler.Debug = "True"
		Release.AspNetCompiler.VirtualPath = "/localhost_50347"
		Release.AspNetCompiler.PhysicalPath = "..\23. bookea.com - v13.2.2\"
		Release.AspNetCompiler.TargetPath = "PrecompiledWeb\localhost_50347\"
		Release.AspNetCompiler.Updateable = "true"
		Release.AspNetCompiler.ForceOverwrite = "true"
		Release.AspNetCompiler.FixedNames = "false"
		Release.AspNetCompiler.Debug = "False"
		VWDPort = "50672"
		SlnRelativePath = "..\23. bookea.com - v13.2.2\"
		DefaultWebSiteLanguage = "Visual C#"
	EndProjectSection
EndProject
Global
	GlobalSection(SolutionConfigurationPlatforms) = preSolution
		Debug|Any CPU = Debug|Any CPU
	EndGlobalSection
	GlobalSection(ProjectConfigurationPlatforms) = postSolution
		{5F3680E1-A9D3-4CDE-96CF-561158D70098}.Debug|Any CPU.ActiveCfg = Debug|Any CPU
		{5F3680E1-A9D3-4CDE-96CF-561158D70098}.Debug|Any CPU.Build.0 = Debug|Any CPU
	EndGlobalSection
	GlobalSection(SolutionProperties) = preSolution
		HideSolutionNode = FALSE
	EndGlobalSection
EndGlobal
